
Microsoft Visual Studio Solution File, Format Version 12.00
# Visual Studio Version 17
VisualStudioVersion = 17.4.33205.214
MinimumVisualStudioVersion = 10.0.40219.1
Project("{FAE04EC0-301F-11D3-BF4B-00C04F79EFBC}") = "MvvmAppSql.Android", "MvvmAppSql\MvvmAppSql.Android\MvvmAppSql.Android.csproj", "{7DCA5A43-363D-4473-828A-CE598E2B2E76}"
EndProject
Project("{FAE04EC0-301F-11D3-BF4B-00C04F79EFBC}") = "MvvmAppSql", "MvvmAppSql\MvvmAppSql\MvvmAppSql.csproj", "{FE7A8C17-61B9-41A2-9EFB-2833D3A240CD}"
EndProject
Global
	GlobalSection(SolutionConfigurationPlatforms) = preSolution
		Debug|Any CPU = Debug|Any CPU
		Release|Any CPU = Release|Any CPU
	EndGlobalSection
	GlobalSection(ProjectConfigurationPlatforms) = postSolution
		{7DCA5A43-363D-4473-828A-CE598E2B2E76}.Debug|Any CPU.ActiveCfg = Debug|Any CPU
		{7DCA5A43-363D-4473-828A-CE598E2B2E76}.Debug|Any CPU.Build.0 = Debug|Any CPU
		{7DCA5A43-363D-4473-828A-CE598E2B2E76}.Debug|Any CPU.Deploy.0 = Debug|Any CPU
		{7DCA5A43-363D-4473-828A-CE598E2B2E76}.Release|Any CPU.ActiveCfg = Release|Any CPU
		{7DCA5A43-363D-4473-828A-CE598E2B2E76}.Release|Any CPU.Build.0 = Release|Any CPU
		{7DCA5A43-363D-4473-828A-CE598E2B2E76}.Release|Any CPU.Deploy.0 = Release|Any CPU
		{FE7A8C17-61B9-41A2-9EFB-2833D3A240CD}.Debug|Any CPU.ActiveCfg = Debug|Any CPU
		{FE7A8C17-61B9-41A2-9EFB-2833D3A240CD}.Debug|Any CPU.Build.0 = Debug|Any CPU
		{FE7A8C17-61B9-41A2-9EFB-2833D3A240CD}.Debug|Any CPU.Deploy.0 = Debug|Any CPU
		{FE7A8C17-61B9-41A2-9EFB-2833D3A240CD}.Release|Any CPU.ActiveCfg = Release|Any CPU
		{FE7A8C17-61B9-41A2-9EFB-2833D3A240CD}.Release|Any CPU.Build.0 = Release|Any CPU
		{FE7A8C17-61B9-41A2-9EFB-2833D3A240CD}.Release|Any CPU.Deploy.0 = Release|Any CPU
	EndGlobalSection
	GlobalSection(SolutionProperties) = preSolution
		HideSolutionNode = FALSE
	EndGlobalSection
	GlobalSection(ExtensibilityGlobals) = postSolution
		SolutionGuid = {DED44CC2-D308-4620-A5D2-4A1DC85CEE9F}
	EndGlobalSection
EndGlobal
